
Microsoft Visual Studio Solution File, Format Version 12.00
# Visual Studio Version 17
VisualStudioVersion = 17.0.31919.166
MinimumVisualStudioVersion = 10.0.40219.1
Project("{FAE04EC0-301F-11D3-BF4B-00C04F79EFBC}") = "MarteArvoresBinarias", "MarteArvoresBinarias.csproj", "{C2871D87-9BC3-4462-87EF-5E9B2B0A2037}"
EndProject
Global
	GlobalSection(SolutionConfigurationPlatforms) = preSolution
		Debug|Any CPU = Debug|Any CPU
		Release|Any CPU = Release|Any CPU
	EndGlobalSection
	GlobalSection(ProjectConfigurationPlatforms) = postSolution
		{C2871D87-9BC3-4462-87EF-5E9B2B0A2037}.Debug|Any CPU.ActiveCfg = Debug|Any CPU
		{C2871D87-9BC3-4462-87EF-5E9B2B0A2037}.Debug|Any CPU.Build.0 = Debug|Any CPU
		{C2871D87-9BC3-4462-87EF-5E9B2B0A2037}.Release|Any CPU.ActiveCfg = Release|Any CPU
		{C2871D87-9BC3-4462-87EF-5E9B2B0A2037}.Release|Any CPU.Build.0 = Release|Any CPU
	EndGlobalSection
	GlobalSection(SolutionProperties) = preSolution
		HideSolutionNode = FALSE
	EndGlobalSection
	GlobalSection(ExtensibilityGlobals) = postSolution
		SolutionGuid = {A2764C06-A351-49FA-A7F9-E573A02490C2}
	EndGlobalSection
EndGlobal
